// !$*UTF8*$!
{
	archiveVersion = 1;
	classes = {
	};
	objectVersion = 48;
	objects = {

/* Begin PBXBuildFile section */
		1FBC5990C41BC0175FC088A2 /* Pods_CollectionPaging.framework in Frameworks */ = {isa = PBXBuildFile; fileRef = 99793A3A62CEB35D0F533C16 /* Pods_CollectionPaging.framework */; };
		920017F4208B5C5A00DF967E /* FirstViewController.swift in Sources */ = {isa = PBXBuildFile; fileRef = 920017F3208B5C5A00DF967E /* FirstViewController.swift */; };
		929CAAAE208B2DEB00DFE750 /* AppDelegate.swift in Sources */ = {isa = PBXBuildFile; fileRef = 929CAAAD208B2DEB00DFE750 /* AppDelegate.swift */; };
		929CAAB0208B2DEB00DFE750 /* ViewController.swift in Sources */ = {isa = PBXBuildFile; fileRef = 929CAAAF208B2DEB00DFE750 /* ViewController.swift */; };
		929CAAB3208B2DEB00DFE750 /* Main.storyboard in Resources */ = {isa = PBXBuildFile; fileRef = 929CAAB1208B2DEB00DFE750 /* Main.storyboard */; };
		929CAAB5208B2DEB00DFE750 /* Assets.xcassets in Resources */ = {isa = PBXBuildFile; fileRef = 929CAAB4208B2DEB00DFE750 /* Assets.xcassets */; };
		929CAAB8208B2DEB00DFE750 /* LaunchScreen.storyboard in Resources */ = {isa = PBXBuildFile; fileRef = 929CAAB6208B2DEB00DFE750 /* LaunchScreen.storyboard */; };
		929CAAC0208B36EB00DFE750 /* ImageCell.swift in Sources */ = {isa = PBXBuildFile; fileRef = 929CAABF208B36EA00DFE750 /* ImageCell.swift */; };
/* End PBXBuildFile section */

/* Begin PBXFileReference section */
		284BCA1EDED9A6C3A658B717 /* Pods-CollectionPaging.release.xcconfig */ = {isa = PBXFileReference; includeInIndex = 1; lastKnownFileType = text.xcconfig; name = "Pods-CollectionPaging.release.xcconfig"; path = "Pods/Target Support Files/Pods-CollectionPaging/Pods-CollectionPaging.release.xcconfig"; sourceTree = "<group>"; };
		920017F3208B5C5A00DF967E /* FirstViewController.swift */ = {isa = PBXFileReference; lastKnownFileType = sourcecode.swift; path = FirstViewController.swift; sourceTree = "<group>"; };
		929CAAAA208B2DEA00DFE750 /* CollectionPaging.app */ = {isa = PBXFileReference; explicitFileType = wrapper.application; includeInIndex = 0; path = CollectionPaging.app; sourceTree = BUILT_PRODUCTS_DIR; };
		929CAAAD208B2DEB00DFE750 /* AppDelegate.swift */ = {isa = PBXFileReference; lastKnownFileType = sourcecode.swift; path = AppDelegate.swift; sourceTree = "<group>"; };
		929CAAAF208B2DEB00DFE750 /* ViewController.swift */ = {isa = PBXFileReference; lastKnownFileType = sourcecode.swift; path = ViewController.swift; sourceTree = "<group>"; };
		929CAAB2208B2DEB00DFE750 /* Base */ = {isa = PBXFileReference; lastKnownFileType = file.storyboard; name = Base; path = Base.lproj/Main.storyboard; sourceTree = "<group>"; };
		929CAAB4208B2DEB00DFE750 /* Assets.xcassets */ = {isa = PBXFileReference; lastKnownFileType = folder.assetcatalog; path = Assets.xcassets; sourceTree = "<group>"; };
		929CAAB7208B2DEB00DFE750 /* Base */ = {isa = PBXFileReference; lastKnownFileType = file.storyboard; name = Base; path = Base.lproj/LaunchScreen.storyboard; sourceTree = "<group>"; };
		929CAAB9208B2DEB00DFE750 /* Info.plist */ = {isa = PBXFileReference; lastKnownFileType = text.plist.xml; path = Info.plist; sourceTree = "<group>"; };
		929CAABF208B36EA00DFE750 /* ImageCell.swift */ = {isa = PBXFileReference; lastKnownFileType = sourcecode.swift; path = ImageCell.swift; sourceTree = "<group>"; };
		99793A3A62CEB35D0F533C16 /* Pods_CollectionPaging.framework */ = {isa = PBXFileReference; explicitFileType = wrapper.framework; includeInIndex = 0; path = Pods_CollectionPaging.framework; sourceTree = BUILT_PRODUCTS_DIR; };
		AC9115E02191CB1D61260DB1 /* Pods-CollectionPaging.debug.xcconfig */ = {isa = PBXFileReference; includeInIndex = 1; lastKnownFileType = text.xcconfig; name = "Pods-CollectionPaging.debug.xcconfig"; path = "Pods/Target Support Files/Pods-CollectionPaging/Pods-CollectionPaging.debug.xcconfig"; sourceTree = "<group>"; };
/* End PBXFileReference section */

/* Begin PBXFrameworksBuildPhase section */
		929CAAA7208B2DEA00DFE750 /* Frameworks */ = {
			isa = PBXFrameworksBuildPhase;
			buildActionMask = 2147483647;
			files = (
				1FBC5990C41BC0175FC088A2 /* Pods_CollectionPaging.framework in Frameworks */,
			);
			runOnlyForDeploymentPostprocessing = 0;
		};
/* End PBXFrameworksBuildPhase section */

/* Begin PBXGroup section */
		68B1665658C599EA0DB004F6 /* Frameworks */ = {
			isa = PBXGroup;
			children = (
				99793A3A62CEB35D0F533C16 /* Pods_CollectionPaging.framework */,
			);
			name = Frameworks;
			sourceTree = "<group>";
		};
		929CAAA1208B2DEA00DFE750 = {
			isa = PBXGroup;
			children = (
				920017F3208B5C5A00DF967E /* FirstViewController.swift */,
				929CAABF208B36EA00DFE750 /* ImageCell.swift */,
				929CAAAC208B2DEA00DFE750 /* CollectionPaging */,
				929CAAAB208B2DEA00DFE750 /* Products */,
				B013B4B1302F4547B5AAD60F /* Pods */,
				68B1665658C599EA0DB004F6 /* Frameworks */,
			);
			sourceTree = "<group>";
		};
		929CAAAB208B2DEA00DFE750 /* Products */ = {
			isa = PBXGroup;
			children = (
				929CAAAA208B2DEA00DFE750 /* CollectionPaging.app */,
			);
			name = Products;
			sourceTree = "<group>";
		};
		929CAAAC208B2DEA00DFE750 /* CollectionPaging */ = {
			isa = PBXGroup;
			children = (
				929CAAAD208B2DEB00DFE750 /* AppDelegate.swift */,
				929CAAAF208B2DEB00DFE750 /* ViewController.swift */,
				929CAAB1208B2DEB00DFE750 /* Main.storyboard */,
				929CAAB4208B2DEB00DFE750 /* Assets.xcassets */,
				929CAAB6208B2DEB00DFE750 /* LaunchScreen.storyboard */,
				929CAAB9208B2DEB00DFE750 /* Info.plist */,
			);
			path = CollectionPaging;
			sourceTree = "<group>";
		};
		B013B4B1302F4547B5AAD60F /* Pods */ = {
			isa = PBXGroup;
			children = (
				AC9115E02191CB1D61260DB1 /* Pods-CollectionPaging.debug.xcconfig */,
				284BCA1EDED9A6C3A658B717 /* Pods-CollectionPaging.release.xcconfig */,
			);
			name = Pods;
			sourceTree = "<group>";
		};
/* End PBXGroup section */

/* Begin PBXNativeTarget section */
		929CAAA9208B2DEA00DFE750 /* CollectionPaging */ = {
			isa = PBXNativeTarget;
			buildConfigurationList = 929CAABC208B2DEB00DFE750 /* Build configuration list for PBXNativeTarget "CollectionPaging" */;
			buildPhases = (
				9BAC5A1CCB44117AE8BE03FB /* [CP] Check Pods Manifest.lock */,
				929CAAA6208B2DEA00DFE750 /* Sources */,
				929CAAA7208B2DEA00DFE750 /* Frameworks */,
				929CAAA8208B2DEA00DFE750 /* Resources */,
				2470669B6414F01B60D878E4 /* [CP] Embed Pods Frameworks */,
			);
			buildRules = (
			);
			dependencies = (
			);
			name = CollectionPaging;
			productName = CollectionPaging;
			productReference = 929CAAAA208B2DEA00DFE750 /* CollectionPaging.app */;
			productType = "com.apple.product-type.application";
		};
/* End PBXNativeTarget section */

/* Begin PBXProject section */
		929CAAA2208B2DEA00DFE750 /* Project object */ = {
			isa = PBXProject;
			attributes = {
				LastSwiftUpdateCheck = 0920;
				LastUpgradeCheck = 0920;
				ORGANIZATIONNAME = "sanjay kumar chaurasia";
				TargetAttributes = {
					929CAAA9208B2DEA00DFE750 = {
						CreatedOnToolsVersion = 9.2;
						ProvisioningStyle = Automatic;
					};
				};
			};
			buildConfigurationList = 929CAAA5208B2DEA00DFE750 /* Build configuration list for PBXProject "CollectionPaging" */;
			compatibilityVersion = "Xcode 8.0";
			developmentRegion = en;
			hasScannedForEncodings = 0;
			knownRegions = (
				en,
				Base,
			);
			mainGroup = 929CAAA1208B2DEA00DFE750;
			productRefGroup = 929CAAAB208B2DEA00DFE750 /* Products */;
			projectDirPath = "";
			projectRoot = "";
			targets = (
				929CAAA9208B2DEA00DFE750 /* CollectionPaging */,
			);
		};
/* End PBXProject section */

/* Begin PBXResourcesBuildPhase section */
		929CAAA8208B2DEA00DFE750 /* Resources */ = {
			isa = PBXResourcesBuildPhase;
			buildActionMask = 2147483647;
			files = (
				929CAAB8208B2DEB00DFE750 /* LaunchScreen.storyboard in Resources */,
				929CAAB5208B2DEB00DFE750 /* Assets.xcassets in Resources */,
				929CAAB3208B2DEB00DFE750 /* Main.storyboard in Resources */,
			);
			runOnlyForDeploymentPostprocessing = 0;
		};
/* End PBXResourcesBuildPhase section */

/* Begin PBXShellScriptBuildPhase section */
		2470669B6414F01B60D878E4 /* [CP] Embed Pods Frameworks */ = {
			isa = PBXShellScriptBuildPhase;
			buildActionMask = 2147483647;
			files = (
			);
			inputPaths = (
				"${SRCROOT}/Pods/Target Support Files/Pods-CollectionPaging/Pods-CollectionPaging-frameworks.sh",
				"${BUILT_PRODUCTS_DIR}/FAPaginationLayout/FAPaginationLayout.framework",
			);
			name = "[CP] Embed Pods Frameworks";
			outputPaths = (
				"${TARGET_BUILD_DIR}/${FRAMEWORKS_FOLDER_PATH}/FAPaginationLayout.framework",
			);
			runOnlyForDeploymentPostprocessing = 0;
			shellPath = /bin/sh;
			shellScript = "\"${SRCROOT}/Pods/Target Support Files/Pods-CollectionPaging/Pods-CollectionPaging-frameworks.sh\"\n";
			showEnvVarsInLog = 0;
		};
		9BAC5A1CCB44117AE8BE03FB /* [CP] Check Pods Manifest.lock */ = {
			isa = PBXShellScriptBuildPhase;
			buildActionMask = 2147483647;
			files = (
			);
			inputPaths = (
				"${PODS_PODFILE_DIR_PATH}/Podfile.lock",
				"${PODS_ROOT}/Manifest.lock",
			);
			name = "[CP] Check Pods Manifest.lock";
			outputPaths = (
				"$(DERIVED_FILE_DIR)/Pods-CollectionPaging-checkManifestLockResult.txt",
			);
			runOnlyForDeploymentPostprocessing = 0;
			shellPath = /bin/sh;
			shellScript = "diff \"${PODS_PODFILE_DIR_PATH}/Podfile.lock\" \"${PODS_ROOT}/Manifest.lock\" > /dev/null\nif [ $? != 0 ] ; then\n    # print error to STDERR\n    echo \"error: The sandbox is not in sync with the Podfile.lock. Run 'pod install' or update your CocoaPods installation.\" >&2\n    exit 1\nfi\n# This output is used by Xcode 'outputs' to avoid re-running this script phase.\necho \"SUCCESS\" > \"${SCRIPT_OUTPUT_FILE_0}\"\n";
			showEnvVarsInLog = 0;
		};
/* End PBXShellScriptBuildPhase section */

/* Begin PBXSourcesBuildPhase section */
		929CAAA6208B2DEA00DFE750 /* Sources */ = {
			isa = PBXSourcesBuildPhase;
			buildActionMask = 2147483647;
			files = (
				929CAAB0208B2DEB00DFE750 /* ViewController.swift in Sources */,
				929CAAAE208B2DEB00DFE750 /* AppDelegate.swift in Sources */,
				929CAAC0208B36EB00DFE750 /* ImageCell.swift in Sources */,
				920017F4208B5C5A00DF967E /* FirstViewController.swift in Sources */,
			);
			runOnlyForDeploymentPostprocessing = 0;
		};
/* End PBXSourcesBuildPhase section */

/* Begin PBXVariantGroup section */
		929CAAB1208B2DEB00DFE750 /* Main.storyboard */ = {
			isa = PBXVariantGroup;
			children = (
				929CAAB2208B2DEB00DFE750 /* Base */,
			);
			name = Main.storyboard;
			sourceTree = "<group>";
		};
		929CAAB6208B2DEB00DFE750 /* LaunchScreen.storyboard */ = {
			isa = PBXVariantGroup;
			children = (
				929CAAB7208B2DEB00DFE750 /* Base */,
			);
			name = LaunchScreen.storyboard;
			sourceTree = "<group>";
		};
/* End PBXVariantGroup section */

/* Begin XCBuildConfiguration section */
		929CAABA208B2DEB00DFE750 /* Debug */ = {
			isa = XCBuildConfiguration;
			buildSettings = {
				ALWAYS_SEARCH_USER_PATHS = NO;
				CLANG_ANALYZER_NONNULL = YES;
				CLANG_ANALYZER_NUMBER_OBJECT_CONVERSION = YES_AGGRESSIVE;
				CLANG_CXX_LANGUAGE_STANDARD = "gnu++14";
				CLANG_CXX_LIBRARY = "libc++";
				CLANG_ENABLE_MODULES = YES;
				CLANG_ENABLE_OBJC_ARC = YES;
				CLANG_WARN_BLOCK_CAPTURE_AUTORELEASING = YES;
				CLANG_WARN_BOOL_CONVERSION = YES;
				CLANG_WARN_COMMA = YES;
				CLANG_WARN_CONSTANT_CONVERSION = YES;
				CLANG_WARN_DIRECT_OBJC_ISA_USAGE = YES_ERROR;
				CLANG_WARN_DOCUMENTATION_COMMENTS = YES;
				CLANG_WARN_EMPTY_BODY = YES;
				CLANG_WARN_ENUM_CONVERSION = YES;
				CLANG_WARN_INFINITE_RECURSION = YES;
				CLANG_WARN_INT_CONVERSION = YES;
				CLANG_WARN_NON_LITERAL_NULL_CONVERSION = YES;
				CLANG_WARN_OBJC_LITERAL_CONVERSION = YES;
				CLANG_WARN_OBJC_ROOT_CLASS = YES_ERROR;
				CLANG_WARN_RANGE_LOOP_ANALYSIS = YES;
				CLANG_WARN_STRICT_PROTOTYPES = YES;
				CLANG_WARN_SUSPICIOUS_MOVE = YES;
				CLANG_WARN_UNGUARDED_AVAILABILITY = YES_AGGRESSIVE;
				CLANG_WARN_UNREACHABLE_CODE = YES;
				CLANG_WARN__DUPLICATE_METHOD_MATCH = YES;
				CODE_SIGN_IDENTITY = "iPhone Developer";
				COPY_PHASE_STRIP = NO;
				DEBUG_INFORMATION_FORMAT = dwarf;
				ENABLE_STRICT_OBJC_MSGSEND = YES;
				ENABLE_TESTABILITY = YES;
				GCC_C_LANGUAGE_STANDARD = gnu11;
				GCC_DYNAMIC_NO_PIC = NO;
				GCC_NO_COMMON_BLOCKS = YES;
				GCC_OPTIMIZATION_LEVEL = 0;
				GCC_PREPROCESSOR_DEFINITIONS = (
					"DEBUG=1",
					"$(inherited)",
				);
				GCC_WARN_64_TO_32_BIT_CONVERSION = YES;
				GCC_WARN_ABOUT_RETURN_TYPE = YES_ERROR;
				GCC_WARN_UNDECLARED_SELECTOR = YES;
				GCC_WARN_UNINITIALIZED_AUTOS = YES_AGGRESSIVE;
				GCC_WARN_UNUSED_FUNCTION = YES;
				GCC_WARN_UNUSED_VARIABLE = YES;
				IPHONEOS_DEPLOYMENT_TARGET = 11.2;
				MTL_ENABLE_DEBUG_INFO = YES;
				ONLY_ACTIVE_ARCH = YES;
				SDKROOT = iphoneos;
				SWIFT_ACTIVE_COMPILATION_CONDITIONS = DEBUG;
				SWIFT_OPTIMIZATION_LEVEL = "-Onone";
			};
			name = Debug;
		};
		929CAABB208B2DEB00DFE750 /* Release */ = {
			isa = XCBuildConfiguration;
			buildSettings = {
				ALWAYS_SEARCH_USER_PATHS = NO;
				CLANG_ANALYZER_NONNULL = YES;
				CLANG_ANALYZER_NUMBER_OBJECT_CONVERSION = YES_AGGRESSIVE;
				CLANG_CXX_LANGUAGE_STANDARD = "gnu++14";
				CLANG_CXX_LIBRARY = "libc++";
				CLANG_ENABLE_MODULES = YES;
				CLANG_ENABLE_OBJC_ARC = YES;
				CLANG_WARN_BLOCK_CAPTURE_AUTORELEASING = YES;
				CLANG_WARN_BOOL_CONVERSION = YES;
				CLANG_WARN_COMMA = YES;
				CLANG_WARN_CONSTANT_CONVERSION = YES;
				CLANG_WARN_DIRECT_OBJC_ISA_USAGE = YES_ERROR;
				CLANG_WARN_DOCUMENTATION_COMMENTS = YES;
				CLANG_WARN_EMPTY_BODY = YES;
				CLANG_WARN_ENUM_CONVERSION = YES;
				CLANG_WARN_INFINITE_RECURSION = YES;
				CLANG_WARN_INT_CONVERSION = YES;
				CLANG_WARN_NON_LITERAL_NULL_CONVERSION = YES;
				CLANG_WARN_OBJC_LITERAL_CONVERSION = YES;
				CLANG_WARN_OBJC_ROOT_CLASS = YES_ERROR;
				CLANG_WARN_RANGE_LOOP_ANALYSIS = YES;
				CLANG_WARN_STRICT_PROTOTYPES = YES;
				CLANG_WARN_SUSPICIOUS_MOVE = YES;
				CLANG_WARN_UNGUARDED_AVAILABILITY = YES_AGGRESSIVE;
				CLANG_WARN_UNREACHABLE_CODE = YES;
				CLANG_WARN__DUPLICATE_METHOD_MATCH = YES;
				CODE_SIGN_IDENTITY = "iPhone Developer";
				COPY_PHASE_STRIP = NO;
				DEBUG_INFORMATION_FORMAT = "dwarf-with-dsym";
				ENABLE_NS_ASSERTIONS = NO;
				ENABLE_STRICT_OBJC_MSGSEND = YES;
				GCC_C_LANGUAGE_STANDARD = gnu11;
				GCC_NO_COMMON_BLOCKS = YES;
				GCC_WARN_64_TO_32_BIT_CONVERSION = YES;
				GCC_WARN_ABOUT_RETURN_TYPE = YES_ERROR;
				GCC_WARN_UNDECLARED_SELECTOR = YES;
				GCC_WARN_UNINITIALIZED_AUTOS = YES_AGGRESSIVE;
				GCC_WARN_UNUSED_FUNCTION = YES;
				GCC_WARN_UNUSED_VARIABLE = YES;
				IPHONEOS_DEPLOYMENT_TARGET = 11.2;
				MTL_ENABLE_DEBUG_INFO = NO;
				SDKROOT = iphoneos;
				SWIFT_OPTIMIZATION_LEVEL = "-Owholemodule";
				VALIDATE_PRODUCT = YES;
			};
			name = Release;
		};
		929CAABD208B2DEB00DFE750 /* Debug */ = {
			isa = XCBuildConfiguration;
			baseConfigurationReference = AC9115E02191CB1D61260DB1 /* Pods-CollectionPaging.debug.xcconfig */;
			buildSettings = {
				ASSETCATALOG_COMPILER_APPICON_NAME = AppIcon;
				CODE_SIGN_STYLE = Automatic;
				INFOPLIST_FILE = CollectionPaging/Info.plist;
				LD_RUNPATH_SEARCH_PATHS = "$(inherited) @executable_path/Frameworks";
				PRODUCT_BUNDLE_IDENTIFIER = com.test.identifier.CollectionPaging;
				PRODUCT_NAME = "$(TARGET_NAME)";
				SWIFT_VERSION = 4.0;
				TARGETED_DEVICE_FAMILY = "1,2";
			};
			name = Debug;
		};
		929CAABE208B2DEB00DFE750 /* Release */ = {
			isa = XCBuildConfiguration;
			baseConfigurationReference = 284BCA1EDED9A6C3A658B717 /* Pods-CollectionPaging.release.xcconfig */;
			buildSettings = {
				ASSETCATALOG_COMPILER_APPICON_NAME = AppIcon;
				CODE_SIGN_STYLE = Automatic;
				INFOPLIST_FILE = CollectionPaging/Info.plist;
				LD_RUNPATH_SEARCH_PATHS = "$(inherited) @executable_path/Frameworks";
				PRODUCT_BUNDLE_IDENTIFIER = com.test.identifier.CollectionPaging;
				PRODUCT_NAME = "$(TARGET_NAME)";
				SWIFT_VERSION = 4.0;
				TARGETED_DEVICE_FAMILY = "1,2";
			};
			name = Release;
		};
/* End XCBuildConfiguration section */

/* Begin XCConfigurationList section */
		929CAAA5208B2DEA00DFE750 /* Build configuration list for PBXProject "CollectionPaging" */ = {
			isa = XCConfigurationList;
			buildConfigurations = (
				929CAABA208B2DEB00DFE750 /* Debug */,
				929CAABB208B2DEB00DFE750 /* Release */,
			);
			defaultConfigurationIsVisible = 0;
			defaultConfigurationName = Release;
		};
		929CAABC208B2DEB00DFE750 /* Build configuration list for PBXNativeTarget "CollectionPaging" */ = {
			isa = XCConfigurationList;
			buildConfigurations = (
				929CAABD208B2DEB00DFE750 /* Debug */,
				929CAABE208B2DEB00DFE750 /* Release */,
			);
			defaultConfigurationIsVisible = 0;
			defaultConfigurationName = Release;
		};
/* End XCConfigurationList section */
	};
	rootObject = 929CAAA2208B2DEA00DFE750 /* Project object */;
}
